
Microsoft Visual Studio Solution File, Format Version 12.00
# Visual Studio Version 16
VisualStudioVersion = 16.0.29728.190
MinimumVisualStudioVersion = 10.0.40219.1
Project("{FAE04EC0-301F-11D3-BF4B-00C04F79EFBC}") = "1.1.01_7.86", "1.1.01_7.86.csproj", "{9228CAA7-2B1F-48D1-AE4D-F9622F0B009C}"
EndProject
Global
	GlobalSection(SolutionConfigurationPlatforms) = preSolution
		Debug|Any CPU = Debug|Any CPU
		Release|Any CPU = Release|Any CPU
	EndGlobalSection
	GlobalSection(ProjectConfigurationPlatforms) = postSolution
		{9228CAA7-2B1F-48D1-AE4D-F9622F0B009C}.Debug|Any CPU.ActiveCfg = Debug|Any CPU
		{9228CAA7-2B1F-48D1-AE4D-F9622F0B009C}.Debug|Any CPU.Build.0 = Debug|Any CPU
		{9228CAA7-2B1F-48D1-AE4D-F9622F0B009C}.Release|Any CPU.ActiveCfg = Release|Any CPU
		{9228CAA7-2B1F-48D1-AE4D-F9622F0B009C}.Release|Any CPU.Build.0 = Release|Any CPU
	EndGlobalSection
	GlobalSection(SolutionProperties) = preSolution
		HideSolutionNode = FALSE
	EndGlobalSection
	GlobalSection(ExtensibilityGlobals) = postSolution
		SolutionGuid = {B95EB5F3-3279-452F-89E0-61978A44CB27}
	EndGlobalSection
EndGlobal
